
Microsoft Visual Studio Solution File, Format Version 12.00
# Visual Studio Version 17
VisualStudioVersion = 17.5.33516.290
MinimumVisualStudioVersion = 10.0.40219.1
Project("{9A19103F-16F7-4668-BE54-9A1E7A4F7556}") = "ConsoleApp", "ConsoleApp.csproj", "{465507C7-0CDF-4A57-8977-BF4833B60493}"
EndProject
Project("{FAE04EC0-301F-11D3-BF4B-00C04F79EFBC}") = "ConsoleApp2", "..\ConsoleApp2\ConsoleApp2.csproj", "{0218E715-4F36-4AAE-BBBE-559187506BF6}"
EndProject
Global
	GlobalSection(SolutionConfigurationPlatforms) = preSolution
		Debug|Any CPU = Debug|Any CPU
		Release|Any CPU = Release|Any CPU
	EndGlobalSection
	GlobalSection(ProjectConfigurationPlatforms) = postSolution
		{465507C7-0CDF-4A57-8977-BF4833B60493}.Debug|Any CPU.ActiveCfg = Debug|Any CPU
		{465507C7-0CDF-4A57-8977-BF4833B60493}.Debug|Any CPU.Build.0 = Debug|Any CPU
		{465507C7-0CDF-4A57-8977-BF4833B60493}.Release|Any CPU.ActiveCfg = Release|Any CPU
		{465507C7-0CDF-4A57-8977-BF4833B60493}.Release|Any CPU.Build.0 = Release|Any CPU
		{0218E715-4F36-4AAE-BBBE-559187506BF6}.Debug|Any CPU.ActiveCfg = Debug|Any CPU
		{0218E715-4F36-4AAE-BBBE-559187506BF6}.Debug|Any CPU.Build.0 = Debug|Any CPU
		{0218E715-4F36-4AAE-BBBE-559187506BF6}.Release|Any CPU.ActiveCfg = Release|Any CPU
		{0218E715-4F36-4AAE-BBBE-559187506BF6}.Release|Any CPU.Build.0 = Release|Any CPU
	EndGlobalSection
	GlobalSection(SolutionProperties) = preSolution
		HideSolutionNode = FALSE
	EndGlobalSection
	GlobalSection(ExtensibilityGlobals) = postSolution
		SolutionGuid = {1398F94F-164F-468B-B70B-9D51462970B1}
	EndGlobalSection
EndGlobal
